PODS:
  - ZFHTTPNetwork (1.0.0):
    - ZFHTTPNetwork/HTPhotoManager (= 1.0.0)
    - ZFHTTPNetwork/HTTPCategory (= 1.0.0)
    - ZFHTTPNetwork/HTTPCommon (= 1.0.0)
    - ZFHTTPNetwork/HTTPManager (= 1.0.0)
    - ZFHTTPNetwork/HTTPOperation (= 1.0.0)
    - ZFHTTPNetwork/YYManager (= 1.0.0)
  - ZFHTTPNetwork/HTPhotoManager (1.0.0)
  - ZFHTTPNetwork/HTTPCategory (1.0.0)
  - ZFHTTPNetwork/HTTPCommon (1.0.0)
  - ZFHTTPNetwork/HTTPManager (1.0.0)
  - ZFHTTPNetwork/HTTPOperation (1.0.0)
  - ZFHTTPNetwork/YYManager (1.0.0)

DEPENDENCIES:
  - ZFHTTPNetwork (from `../`)

EXTERNAL SOURCES:
  ZFHTTPNetwork:
    :path: ../

SPEC CHECKSUMS:
  ZFHTTPNetwork: 43947c45680041ce0e94b68fc1a461fdfce6c464

PODFILE CHECKSUM: 7fd0d7689b90dd7f214d42b21192394e413559e4

COCOAPODS: 1.4.0
