PODS:
  - ZFHTTPNetwork (1.1.0):
    - ZFHTTPNetwork/HTTPConnection (= 1.1.0)
  - ZFHTTPNetwork/HTTPConnection (1.1.0)

DEPENDENCIES:
  - ZFHTTPNetwork (from `../`)

EXTERNAL SOURCES:
  ZFHTTPNetwork:
    :path: ../

SPEC CHECKSUMS:
  ZFHTTPNetwork: 0ec9a814d02c7590f500bea50888e27ee04998ec

PODFILE CHECKSUM: 7fd0d7689b90dd7f214d42b21192394e413559e4

COCOAPODS: 1.4.0
