PODS:
  - ZFHTTPNetwork (1.0.0):
    - ZFHTTPNetwork/HTPhotoManager (= 1.0.0)
    - ZFHTTPNetwork/HTTPCategory (= 1.0.0)
    - ZFHTTPNetwork/HTTPCommon (= 1.0.0)
    - ZFHTTPNetwork/HTTPConnection (= 1.0.0)
    - ZFHTTPNetwork/HTTPManager (= 1.0.0)
    - ZFHTTPNetwork/HTTPOperation (= 1.0.0)
    - ZFHTTPNetwork/YYManager (= 1.0.0)
  - ZFHTTPNetwork/HTPhotoManager (1.0.0):
    - ZFHTTPNetwork/HTTPCommon
  - ZFHTTPNetwork/HTTPCategory (1.0.0)
  - ZFHTTPNetwork/HTTPCommon (1.0.0):
    - ZFHTTPNetwork/HTTPConnection
  - ZFHTTPNetwork/HTTPConnection (1.0.0)
  - ZFHTTPNetwork/HTTPManager (1.0.0):
    - ZFHTTPNetwork/HTPhotoManager
    - ZFHTTPNetwork/HTTPConnection
    - ZFHTTPNetwork/HTTPOperation
  - ZFHTTPNetwork/HTTPOperation (1.0.0):
    - ZFHTTPNetwork/HTPhotoManager
    - ZFHTTPNetwork/HTTPConnection
  - ZFHTTPNetwork/YYManager (1.0.0)

DEPENDENCIES:
  - ZFHTTPNetwork (from `../`)

EXTERNAL SOURCES:
  ZFHTTPNetwork:
    :path: ../

SPEC CHECKSUMS:
  ZFHTTPNetwork: aa78c5c757901a08765982fb97363f9b3b6d34e8

PODFILE CHECKSUM: 7fd0d7689b90dd7f214d42b21192394e413559e4

COCOAPODS: 1.4.0
